
Microsoft Visual Studio Solution File, Format Version 12.00
# Visual Studio Version 17
VisualStudioVersion = 17.5.002.0
MinimumVisualStudioVersion = 10.0.40219.1
Project("{9A19103F-16F7-4668-BE54-9A1E7A4F7556}") = "NewlyReused", "NewlyReused.csproj", "{57DF3189-6BA4-43D0-A2F4-69C45C96052A}"
EndProject
Global
	GlobalSection(SolutionConfigurationPlatforms) = preSolution
		Debug|Any CPU = Debug|Any CPU
		Release|Any CPU = Release|Any CPU
	EndGlobalSection
	GlobalSection(ProjectConfigurationPlatforms) = postSolution
		{57DF3189-6BA4-43D0-A2F4-69C45C96052A}.Debug|Any CPU.ActiveCfg = Debug|Any CPU
		{57DF3189-6BA4-43D0-A2F4-69C45C96052A}.Debug|Any CPU.Build.0 = Debug|Any CPU
		{57DF3189-6BA4-43D0-A2F4-69C45C96052A}.Release|Any CPU.ActiveCfg = Release|Any CPU
		{57DF3189-6BA4-43D0-A2F4-69C45C96052A}.Release|Any CPU.Build.0 = Release|Any CPU
	EndGlobalSection
	GlobalSection(SolutionProperties) = preSolution
		HideSolutionNode = FALSE
	EndGlobalSection
	GlobalSection(ExtensibilityGlobals) = postSolution
		SolutionGuid = {563F1E74-2082-47F0-B7D4-71815671BDD5}
	EndGlobalSection
EndGlobal
